
Microsoft Visual Studio Solution File, Format Version 12.00
# Visual Studio 15
VisualStudioVersion = 15.0.27703.2000
MinimumVisualStudioVersion = 10.0.40219.1
Project("{FAE04EC0-301F-11D3-BF4B-00C04F79EFBC}") = "DependencyInjectionWithIoC.Tests", "DependencyInjectionWithIoC.Tests\DependencyInjectionWithIoC.Tests.csproj", "{DFA651F8-8264-4AF3-9DC9-49ADAC4DFECE}"
EndProject
Project("{FAE04EC0-301F-11D3-BF4B-00C04F79EFBC}") = "DependencyInjectionWithIoC.Fakes", "DependencyInjectionWithIoC.Fakes\DependencyInjectionWithIoC.Fakes.csproj", "{D2E078D5-644B-4953-B2DA-E72D45AF241C}"
EndProject
Project("{FAE04EC0-301F-11D3-BF4B-00C04F79EFBC}") = "DependencyInjectionWithIoC.FakesWithInterfaces", "DependencyInjectionWithIoC.FakesWithInterfaces\DependencyInjectionWithIoC.FakesWithInterfaces.csproj", "{3841CA35-4E8D-4B28-A31D-F81846E7E3A7}"
EndProject
Global
	GlobalSection(SolutionConfigurationPlatforms) = preSolution
		Debug|Any CPU = Debug|Any CPU
		Release|Any CPU = Release|Any CPU
	EndGlobalSection
	GlobalSection(ProjectConfigurationPlatforms) = postSolution
		{DFA651F8-8264-4AF3-9DC9-49ADAC4DFECE}.Debug|Any CPU.ActiveCfg = Debug|Any CPU
		{DFA651F8-8264-4AF3-9DC9-49ADAC4DFECE}.Debug|Any CPU.Build.0 = Debug|Any CPU
		{DFA651F8-8264-4AF3-9DC9-49ADAC4DFECE}.Release|Any CPU.ActiveCfg = Release|Any CPU
		{DFA651F8-8264-4AF3-9DC9-49ADAC4DFECE}.Release|Any CPU.Build.0 = Release|Any CPU
		{D2E078D5-644B-4953-B2DA-E72D45AF241C}.Debug|Any CPU.ActiveCfg = Debug|Any CPU
		{D2E078D5-644B-4953-B2DA-E72D45AF241C}.Debug|Any CPU.Build.0 = Debug|Any CPU
		{D2E078D5-644B-4953-B2DA-E72D45AF241C}.Release|Any CPU.ActiveCfg = Release|Any CPU
		{D2E078D5-644B-4953-B2DA-E72D45AF241C}.Release|Any CPU.Build.0 = Release|Any CPU
		{3841CA35-4E8D-4B28-A31D-F81846E7E3A7}.Debug|Any CPU.ActiveCfg = Debug|Any CPU
		{3841CA35-4E8D-4B28-A31D-F81846E7E3A7}.Debug|Any CPU.Build.0 = Debug|Any CPU
		{3841CA35-4E8D-4B28-A31D-F81846E7E3A7}.Release|Any CPU.ActiveCfg = Release|Any CPU
		{3841CA35-4E8D-4B28-A31D-F81846E7E3A7}.Release|Any CPU.Build.0 = Release|Any CPU
	EndGlobalSection
	GlobalSection(SolutionProperties) = preSolution
		HideSolutionNode = FALSE
	EndGlobalSection
	GlobalSection(ExtensibilityGlobals) = postSolution
		SolutionGuid = {3C5E8309-7410-4F19-AAB4-A0200552AF32}
	EndGlobalSection
EndGlobal
