
Microsoft Visual Studio Solution File, Format Version 12.00
# Visual Studio 15
VisualStudioVersion = 15.0.27130.2026
MinimumVisualStudioVersion = 10.0.40219.1
Project("{FAE04EC0-301F-11D3-BF4B-00C04F79EFBC}") = "ChatService", "ChatService\ChatService.csproj", "{4D548470-CD25-48D8-84D9-82721DB0586B}"
EndProject
Project("{FAE04EC0-301F-11D3-BF4B-00C04F79EFBC}") = "ChatApp", "ChatApp\ChatApp.csproj", "{DAB45B22-9E09-4C53-B149-B4DC3C9C52A9}"
EndProject
Project("{FAE04EC0-301F-11D3-BF4B-00C04F79EFBC}") = "ChatCli", "ChatCli\ChatCli.csproj", "{7D671488-C05D-47B1-9B78-A765043EE176}"
EndProject
Project("{FAE04EC0-301F-11D3-BF4B-00C04F79EFBC}") = "ChatUWPApp", "ChatUWPApp\ChatUWPApp.csproj", "{E266E9CC-B777-4AAC-8FA6-02A03C448FB3}"
EndProject
Project("{FAE04EC0-301F-11D3-BF4B-00C04F79EFBC}") = "ChatWpf", "ChatWpf\ChatWpf.csproj", "{CAC34D8C-BAFA-489E-BF60-13FE93A308D5}"
EndProject
Global
	GlobalSection(SolutionConfigurationPlatforms) = preSolution
		Debug|Any CPU = Debug|Any CPU
		Debug|ARM = Debug|ARM
		Debug|x64 = Debug|x64
		Debug|x86 = Debug|x86
		Release|Any CPU = Release|Any CPU
		Release|ARM = Release|ARM
		Release|x64 = Release|x64
		Release|x86 = Release|x86
	EndGlobalSection
	GlobalSection(ProjectConfigurationPlatforms) = postSolution
		{4D548470-CD25-48D8-84D9-82721DB0586B}.Debug|Any CPU.ActiveCfg = Debug|Any CPU
		{4D548470-CD25-48D8-84D9-82721DB0586B}.Debug|Any CPU.Build.0 = Debug|Any CPU
		{4D548470-CD25-48D8-84D9-82721DB0586B}.Debug|ARM.ActiveCfg = Debug|Any CPU
		{4D548470-CD25-48D8-84D9-82721DB0586B}.Debug|ARM.Build.0 = Debug|Any CPU
		{4D548470-CD25-48D8-84D9-82721DB0586B}.Debug|x64.ActiveCfg = Debug|Any CPU
		{4D548470-CD25-48D8-84D9-82721DB0586B}.Debug|x64.Build.0 = Debug|Any CPU
		{4D548470-CD25-48D8-84D9-82721DB0586B}.Debug|x86.ActiveCfg = Debug|Any CPU
		{4D548470-CD25-48D8-84D9-82721DB0586B}.Debug|x86.Build.0 = Debug|Any CPU
		{4D548470-CD25-48D8-84D9-82721DB0586B}.Release|Any CPU.ActiveCfg = Release|Any CPU
		{4D548470-CD25-48D8-84D9-82721DB0586B}.Release|Any CPU.Build.0 = Release|Any CPU
		{4D548470-CD25-48D8-84D9-82721DB0586B}.Release|ARM.ActiveCfg = Release|Any CPU
		{4D548470-CD25-48D8-84D9-82721DB0586B}.Release|ARM.Build.0 = Release|Any CPU
		{4D548470-CD25-48D8-84D9-82721DB0586B}.Release|x64.ActiveCfg = Release|Any CPU
		{4D548470-CD25-48D8-84D9-82721DB0586B}.Release|x64.Build.0 = Release|Any CPU
		{4D548470-CD25-48D8-84D9-82721DB0586B}.Release|x86.ActiveCfg = Release|Any CPU
		{4D548470-CD25-48D8-84D9-82721DB0586B}.Release|x86.Build.0 = Release|Any CPU
		{DAB45B22-9E09-4C53-B149-B4DC3C9C52A9}.Debug|Any CPU.ActiveCfg = Debug|Any CPU
		{DAB45B22-9E09-4C53-B149-B4DC3C9C52A9}.Debug|Any CPU.Build.0 = Debug|Any CPU
		{DAB45B22-9E09-4C53-B149-B4DC3C9C52A9}.Debug|ARM.ActiveCfg = Debug|Any CPU
		{DAB45B22-9E09-4C53-B149-B4DC3C9C52A9}.Debug|ARM.Build.0 = Debug|Any CPU
		{DAB45B22-9E09-4C53-B149-B4DC3C9C52A9}.Debug|x64.ActiveCfg = Debug|Any CPU
		{DAB45B22-9E09-4C53-B149-B4DC3C9C52A9}.Debug|x64.Build.0 = Debug|Any CPU
		{DAB45B22-9E09-4C53-B149-B4DC3C9C52A9}.Debug|x86.ActiveCfg = Debug|Any CPU
		{DAB45B22-9E09-4C53-B149-B4DC3C9C52A9}.Debug|x86.Build.0 = Debug|Any CPU
		{DAB45B22-9E09-4C53-B149-B4DC3C9C52A9}.Release|Any CPU.ActiveCfg = Release|Any CPU
		{DAB45B22-9E09-4C53-B149-B4DC3C9C52A9}.Release|Any CPU.Build.0 = Release|Any CPU
		{DAB45B22-9E09-4C53-B149-B4DC3C9C52A9}.Release|ARM.ActiveCfg = Release|Any CPU
		{DAB45B22-9E09-4C53-B149-B4DC3C9C52A9}.Release|ARM.Build.0 = Release|Any CPU
		{DAB45B22-9E09-4C53-B149-B4DC3C9C52A9}.Release|x64.ActiveCfg = Release|Any CPU
		{DAB45B22-9E09-4C53-B149-B4DC3C9C52A9}.Release|x64.Build.0 = Release|Any CPU
		{DAB45B22-9E09-4C53-B149-B4DC3C9C52A9}.Release|x86.ActiveCfg = Release|Any CPU
		{DAB45B22-9E09-4C53-B149-B4DC3C9C52A9}.Release|x86.Build.0 = Release|Any CPU
		{7D671488-C05D-47B1-9B78-A765043EE176}.Debug|Any CPU.ActiveCfg = Debug|Any CPU
		{7D671488-C05D-47B1-9B78-A765043EE176}.Debug|Any CPU.Build.0 = Debug|Any CPU
		{7D671488-C05D-47B1-9B78-A765043EE176}.Debug|ARM.ActiveCfg = Debug|Any CPU
		{7D671488-C05D-47B1-9B78-A765043EE176}.Debug|ARM.Build.0 = Debug|Any CPU
		{7D671488-C05D-47B1-9B78-A765043EE176}.Debug|x64.ActiveCfg = Debug|Any CPU
		{7D671488-C05D-47B1-9B78-A765043EE176}.Debug|x64.Build.0 = Debug|Any CPU
		{7D671488-C05D-47B1-9B78-A765043EE176}.Debug|x86.ActiveCfg = Debug|Any CPU
		{7D671488-C05D-47B1-9B78-A765043EE176}.Debug|x86.Build.0 = Debug|Any CPU
		{7D671488-C05D-47B1-9B78-A765043EE176}.Release|Any CPU.ActiveCfg = Release|Any CPU
		{7D671488-C05D-47B1-9B78-A765043EE176}.Release|Any CPU.Build.0 = Release|Any CPU
		{7D671488-C05D-47B1-9B78-A765043EE176}.Release|ARM.ActiveCfg = Release|Any CPU
		{7D671488-C05D-47B1-9B78-A765043EE176}.Release|ARM.Build.0 = Release|Any CPU
		{7D671488-C05D-47B1-9B78-A765043EE176}.Release|x64.ActiveCfg = Release|Any CPU
		{7D671488-C05D-47B1-9B78-A765043EE176}.Release|x64.Build.0 = Release|Any CPU
		{7D671488-C05D-47B1-9B78-A765043EE176}.Release|x86.ActiveCfg = Release|Any CPU
		{7D671488-C05D-47B1-9B78-A765043EE176}.Release|x86.Build.0 = Release|Any CPU
		{E266E9CC-B777-4AAC-8FA6-02A03C448FB3}.Debug|Any CPU.ActiveCfg = Debug|x86
		{E266E9CC-B777-4AAC-8FA6-02A03C448FB3}.Debug|ARM.ActiveCfg = Debug|ARM
		{E266E9CC-B777-4AAC-8FA6-02A03C448FB3}.Debug|ARM.Build.0 = Debug|ARM
		{E266E9CC-B777-4AAC-8FA6-02A03C448FB3}.Debug|ARM.Deploy.0 = Debug|ARM
		{E266E9CC-B777-4AAC-8FA6-02A03C448FB3}.Debug|x64.ActiveCfg = Debug|x64
		{E266E9CC-B777-4AAC-8FA6-02A03C448FB3}.Debug|x64.Build.0 = Debug|x64
		{E266E9CC-B777-4AAC-8FA6-02A03C448FB3}.Debug|x64.Deploy.0 = Debug|x64
		{E266E9CC-B777-4AAC-8FA6-02A03C448FB3}.Debug|x86.ActiveCfg = Debug|x86
		{E266E9CC-B777-4AAC-8FA6-02A03C448FB3}.Debug|x86.Build.0 = Debug|x86
		{E266E9CC-B777-4AAC-8FA6-02A03C448FB3}.Debug|x86.Deploy.0 = Debug|x86
		{E266E9CC-B777-4AAC-8FA6-02A03C448FB3}.Release|Any CPU.ActiveCfg = Release|x86
		{E266E9CC-B777-4AAC-8FA6-02A03C448FB3}.Release|ARM.ActiveCfg = Release|ARM
		{E266E9CC-B777-4AAC-8FA6-02A03C448FB3}.Release|ARM.Build.0 = Release|ARM
		{E266E9CC-B777-4AAC-8FA6-02A03C448FB3}.Release|ARM.Deploy.0 = Release|ARM
		{E266E9CC-B777-4AAC-8FA6-02A03C448FB3}.Release|x64.ActiveCfg = Release|x64
		{E266E9CC-B777-4AAC-8FA6-02A03C448FB3}.Release|x64.Build.0 = Release|x64
		{E266E9CC-B777-4AAC-8FA6-02A03C448FB3}.Release|x64.Deploy.0 = Release|x64
		{E266E9CC-B777-4AAC-8FA6-02A03C448FB3}.Release|x86.ActiveCfg = Release|x86
		{E266E9CC-B777-4AAC-8FA6-02A03C448FB3}.Release|x86.Build.0 = Release|x86
		{E266E9CC-B777-4AAC-8FA6-02A03C448FB3}.Release|x86.Deploy.0 = Release|x86
		{CAC34D8C-BAFA-489E-BF60-13FE93A308D5}.Debug|Any CPU.ActiveCfg = Debug|Any CPU
		{CAC34D8C-BAFA-489E-BF60-13FE93A308D5}.Debug|Any CPU.Build.0 = Debug|Any CPU
		{CAC34D8C-BAFA-489E-BF60-13FE93A308D5}.Debug|ARM.ActiveCfg = Debug|Any CPU
		{CAC34D8C-BAFA-489E-BF60-13FE93A308D5}.Debug|ARM.Build.0 = Debug|Any CPU
		{CAC34D8C-BAFA-489E-BF60-13FE93A308D5}.Debug|x64.ActiveCfg = Debug|Any CPU
		{CAC34D8C-BAFA-489E-BF60-13FE93A308D5}.Debug|x64.Build.0 = Debug|Any CPU
		{CAC34D8C-BAFA-489E-BF60-13FE93A308D5}.Debug|x86.ActiveCfg = Debug|Any CPU
		{CAC34D8C-BAFA-489E-BF60-13FE93A308D5}.Debug|x86.Build.0 = Debug|Any CPU
		{CAC34D8C-BAFA-489E-BF60-13FE93A308D5}.Release|Any CPU.ActiveCfg = Release|Any CPU
		{CAC34D8C-BAFA-489E-BF60-13FE93A308D5}.Release|Any CPU.Build.0 = Release|Any CPU
		{CAC34D8C-BAFA-489E-BF60-13FE93A308D5}.Release|ARM.ActiveCfg = Release|Any CPU
		{CAC34D8C-BAFA-489E-BF60-13FE93A308D5}.Release|ARM.Build.0 = Release|Any CPU
		{CAC34D8C-BAFA-489E-BF60-13FE93A308D5}.Release|x64.ActiveCfg = Release|Any CPU
		{CAC34D8C-BAFA-489E-BF60-13FE93A308D5}.Release|x64.Build.0 = Release|Any CPU
		{CAC34D8C-BAFA-489E-BF60-13FE93A308D5}.Release|x86.ActiveCfg = Release|Any CPU
		{CAC34D8C-BAFA-489E-BF60-13FE93A308D5}.Release|x86.Build.0 = Release|Any CPU
	EndGlobalSection
	GlobalSection(SolutionProperties) = preSolution
		HideSolutionNode = FALSE
	EndGlobalSection
	GlobalSection(ExtensibilityGlobals) = postSolution
		SolutionGuid = {EB5C69DD-2259-4EAD-A6D4-D74BD7193E3E}
	EndGlobalSection
EndGlobal
