
Microsoft Visual Studio Solution File, Format Version 12.00
# Visual Studio 2013
VisualStudioVersion = 12.0.21005.1
MinimumVisualStudioVersion = 10.0.40219.1
Project("{FAE04EC0-301F-11D3-BF4B-00C04F79EFBC}") = "WPFThemeDemo.DesktopClient", "WPFThemeDemo.DesktopClient\WPFThemeDemo.DesktopClient.csproj", "{F6D699E4-D194-44E5-B9FE-B6DAE19C9A70}"
EndProject
Project("{FAE04EC0-301F-11D3-BF4B-00C04F79EFBC}") = "WPFThemeDemo.Windows.Theme", "WPFThemeDemo.Windows.Theme\WPFThemeDemo.Windows.Theme.csproj", "{76936589-E0B6-4138-8719-77CB8D1A1590}"
EndProject
Global
	GlobalSection(SolutionConfigurationPlatforms) = preSolution
		Debug|Any CPU = Debug|Any CPU
		Release|Any CPU = Release|Any CPU
	EndGlobalSection
	GlobalSection(ProjectConfigurationPlatforms) = postSolution
		{F6D699E4-D194-44E5-B9FE-B6DAE19C9A70}.Debug|Any CPU.ActiveCfg = Debug|Any CPU
		{F6D699E4-D194-44E5-B9FE-B6DAE19C9A70}.Debug|Any CPU.Build.0 = Debug|Any CPU
		{F6D699E4-D194-44E5-B9FE-B6DAE19C9A70}.Release|Any CPU.ActiveCfg = Release|Any CPU
		{F6D699E4-D194-44E5-B9FE-B6DAE19C9A70}.Release|Any CPU.Build.0 = Release|Any CPU
		{76936589-E0B6-4138-8719-77CB8D1A1590}.Debug|Any CPU.ActiveCfg = Debug|Any CPU
		{76936589-E0B6-4138-8719-77CB8D1A1590}.Debug|Any CPU.Build.0 = Debug|Any CPU
		{76936589-E0B6-4138-8719-77CB8D1A1590}.Release|Any CPU.ActiveCfg = Release|Any CPU
		{76936589-E0B6-4138-8719-77CB8D1A1590}.Release|Any CPU.Build.0 = Release|Any CPU
	EndGlobalSection
	GlobalSection(SolutionProperties) = preSolution
		HideSolutionNode = FALSE
	EndGlobalSection
EndGlobal
